<?xml version="1.0" encoding="utf-8"?>
<Project ToolsVersion="4.0" xmlns="http://schemas.microsoft.com/developer/msbuild/2003">
  <ItemGroup>
    <ClCompile Include="pch.cpp">
      <Filter>pch</Filter>
    </ClCompile>
    <ClCompile Include="WinMain.cpp">
      <Filter>GameProcess</Filter>
    </ClCompile>
    <ClCompile Include="GameProcess.cpp">
      <Filter>GameProcess</Filter>
    </ClCompile>
    <ClCompile Include="Scene.cpp">
      <Filter>Scene</Filter>
    </ClCompile>
    <ClCompile Include="SceneManager.cpp">
      <Filter>Scene</Filter>
    </ClCompile>
    <ClCompile Include="IntroTitleScene.cpp">
      <Filter>Scene</Filter>
    </ClCompile>
    <ClCompile Include="Object.cpp">
      <Filter>Object</Filter>
    </ClCompile>
    <ClCompile Include="Debug.cpp">
      <Filter>Debug</Filter>
    </ClCompile>
    <ClCompile Include="InputManager.cpp">
      <Filter>InputManager</Filter>
    </ClCompile>
    <ClCompile Include="ResourceManager.cpp">
      <Filter>ResourceManager</Filter>
    </ClCompile>
    <ClCompile Include="SoundManager.cpp">
      <Filter>SoundManager</Filter>
    </ClCompile>
    <ClCompile Include="..\Json\jsoncpp.cpp">
      <Filter>Json</Filter>
    </ClCompile>
    <ClCompile Include="ColliderBox.cpp">
      <Filter>Object</Filter>
    </ClCompile>
    <ClCompile Include="ObjectManager.cpp">
      <Filter>ObjectManager</Filter>
    </ClCompile>
    <ClCompile Include="OutroResultScene.cpp">
      <Filter>Scene</Filter>
    </ClCompile>
    <ClCompile Include="MainGameScene.cpp">
      <Filter>Scene</Filter>
    </ClCompile>
    <ClCompile Include="Button.cpp">
      <Filter>Button</Filter>
    </ClCompile>
    <ClCompile Include="ErrManager.cpp">
      <Filter>Server</Filter>
    </ClCompile>
    <ClCompile Include="BaseThread.cpp">
      <Filter>Server</Filter>
    </ClCompile>
    <ClCompile Include="IOCPThread.cpp">
      <Filter>Server</Filter>
    </ClCompile>
    <ClCompile Include="ServerManager.cpp">
      <Filter>Server</Filter>
    </ClCompile>
  </ItemGroup>
  <ItemGroup>
    <ClInclude Include="pch.h">
      <Filter>pch</Filter>
    </ClInclude>
    <ClInclude Include="GameProcess.h">
      <Filter>GameProcess</Filter>
    </ClInclude>
    <ClInclude Include="resource.h">
      <Filter>기타등등</Filter>
    </ClInclude>
    <ClInclude Include="targetver.h">
      <Filter>기타등등</Filter>
    </ClInclude>
    <ClInclude Include="framework.h">
      <Filter>기타등등</Filter>
    </ClInclude>
    <ClInclude Include="Scene.h">
      <Filter>Scene</Filter>
    </ClInclude>
    <ClInclude Include="SceneManager.h">
      <Filter>Scene</Filter>
    </ClInclude>
    <ClInclude Include="IntroTitleScene.h">
      <Filter>Scene</Filter>
    </ClInclude>
    <ClInclude Include="Object.h">
      <Filter>Object</Filter>
    </ClInclude>
    <ClInclude Include="Debug.h">
      <Filter>Debug</Filter>
    </ClInclude>
    <ClInclude Include="InputManager.h">
      <Filter>InputManager</Filter>
    </ClInclude>
    <ClInclude Include="ResourceManager.h">
      <Filter>ResourceManager</Filter>
    </ClInclude>
    <ClInclude Include="SoundManager.h">
      <Filter>SoundManager</Filter>
    </ClInclude>
    <ClInclude Include="..\Json\json.h">
      <Filter>Json</Filter>
    </ClInclude>
    <ClInclude Include="..\Json\json-forwards.h">
      <Filter>Json</Filter>
    </ClInclude>
    <ClInclude Include="ColliderBox.h">
      <Filter>Object</Filter>
    </ClInclude>
    <ClInclude Include="ObjectManager.h">
      <Filter>ObjectManager</Filter>
    </ClInclude>
    <ClInclude Include="OutroResultScene.h">
      <Filter>Scene</Filter>
    </ClInclude>
    <ClInclude Include="MainGameScene.h">
      <Filter>Scene</Filter>
    </ClInclude>
    <ClInclude Include="Button.h">
      <Filter>Button</Filter>
    </ClInclude>
    <ClInclude Include="ErrManager.h">
      <Filter>Server</Filter>
    </ClInclude>
    <ClInclude Include="ServerDefine.h">
      <Filter>Server</Filter>
    </ClInclude>
    <ClInclude Include="Lock.h">
      <Filter>Server</Filter>
    </ClInclude>
    <ClInclude Include="BaseThread.h">
      <Filter>Server</Filter>
    </ClInclude>
    <ClInclude Include="IOCPThread.h">
      <Filter>Server</Filter>
    </ClInclude>
    <ClInclude Include="ServerManager.h">
      <Filter>Server</Filter>
    </ClInclude>
    <ClInclude Include="..\..\Packet\Packet.h">
      <Filter>Server</Filter>
    </ClInclude>
  </ItemGroup>
  <ItemGroup>
    <Image Include="BasicWinProject.ico">
      <Filter>기타등등</Filter>
    </Image>
    <Image Include="small.ico">
      <Filter>기타등등</Filter>
    </Image>
  </ItemGroup>
  <ItemGroup>
    <Filter Include="pch">
      <UniqueIdentifier>{fb781558-0548-423a-942d-09ea842b7b44}</UniqueIdentifier>
    </Filter>
    <Filter Include="기타등등">
      <UniqueIdentifier>{8e5fd966-4b51-4623-b245-d17f74f2b6f6}</UniqueIdentifier>
    </Filter>
    <Filter Include="GameProcess">
      <UniqueIdentifier>{5cab6437-abb5-42e9-a6f5-a220e0c0d4ac}</UniqueIdentifier>
    </Filter>
    <Filter Include="Scene">
      <UniqueIdentifier>{6a46b69d-9343-47a2-9bd8-36116f5ea6cb}</UniqueIdentifier>
    </Filter>
    <Filter Include="Object">
      <UniqueIdentifier>{ef93963b-3c5a-45ed-a82f-09bb57335f6f}</UniqueIdentifier>
    </Filter>
    <Filter Include="Debug">
      <UniqueIdentifier>{761070ca-6d6e-4369-8208-6d1fa9d3f54d}</UniqueIdentifier>
    </Filter>
    <Filter Include="InputManager">
      <UniqueIdentifier>{ac6da135-26d2-4e26-9da2-ed3fcaa24a61}</UniqueIdentifier>
    </Filter>
    <Filter Include="ResourceManager">
      <UniqueIdentifier>{25ac7e2c-2c52-4d67-81e4-ff29e70c4ee0}</UniqueIdentifier>
    </Filter>
    <Filter Include="SoundManager">
      <UniqueIdentifier>{1c3e5c40-2172-475e-8508-035d6f4c4e97}</UniqueIdentifier>
    </Filter>
    <Filter Include="Json">
      <UniqueIdentifier>{17f166c5-a727-479b-a9f6-bb6ba9dabe7f}</UniqueIdentifier>
    </Filter>
    <Filter Include="ObjectManager">
      <UniqueIdentifier>{4d319122-2bdb-41a8-96f5-63c6c474453f}</UniqueIdentifier>
    </Filter>
    <Filter Include="Button">
      <UniqueIdentifier>{adb4c563-afc4-4adc-9047-35d194a49c4b}</UniqueIdentifier>
    </Filter>
    <Filter Include="Server">
      <UniqueIdentifier>{09e6dcb4-3918-468b-81cb-cf96d9d92cb0}</UniqueIdentifier>
    </Filter>
  </ItemGroup>
  <ItemGroup>
    <ResourceCompile Include="BasicWinProject.rc">
      <Filter>기타등등</Filter>
    </ResourceCompile>
  </ItemGroup>
</Project>